
Microsoft Visual Studio Solution File, Format Version 12.00
# Visual Studio Version 16
VisualStudioVersion = 16.0.32901.82
MinimumVisualStudioVersion = 10.0.40219.1
Project("{FAE04EC0-301F-11D3-BF4B-00C04F79EFBC}") = "GrundernaiOOP", "GrundernaiOOP.csproj", "{5A59357F-C189-453A-82DE-6D27C8D33DF6}"
EndProject
Global
	GlobalSection(SolutionConfigurationPlatforms) = preSolution
		Debug|Any CPU = Debug|Any CPU
		Release|Any CPU = Release|Any CPU
	EndGlobalSection
	GlobalSection(ProjectConfigurationPlatforms) = postSolution
		{5A59357F-C189-453A-82DE-6D27C8D33DF6}.Debug|Any CPU.ActiveCfg = Debug|Any CPU
		{5A59357F-C189-453A-82DE-6D27C8D33DF6}.Debug|Any CPU.Build.0 = Debug|Any CPU
		{5A59357F-C189-453A-82DE-6D27C8D33DF6}.Release|Any CPU.ActiveCfg = Release|Any CPU
		{5A59357F-C189-453A-82DE-6D27C8D33DF6}.Release|Any CPU.Build.0 = Release|Any CPU
	EndGlobalSection
	GlobalSection(SolutionProperties) = preSolution
		HideSolutionNode = FALSE
	EndGlobalSection
	GlobalSection(ExtensibilityGlobals) = postSolution
		SolutionGuid = {6E5D7AF2-50B5-43E7-9D1D-CA8B75D3AA03}
	EndGlobalSection
EndGlobal
